
Microsoft Visual Studio Solution File, Format Version 12.00
# Visual Studio Version 16
VisualStudioVersion = 16.0.30309.148
MinimumVisualStudioVersion = 10.0.40219.1
Project("{8BC9CEB8-8B4A-11D0-8D11-00A0C91BC942}") = "Interestelar", "Interestelar\Interestelar.vcxproj", "{864DC644-BEA4-456D-A133-3AEBEA16D774}"
EndProject
Global
	GlobalSection(SolutionConfigurationPlatforms) = preSolution
		Debug|x64 = Debug|x64
		Debug|x86 = Debug|x86
		Release|x64 = Release|x64
		Release|x86 = Release|x86
	EndGlobalSection
	GlobalSection(ProjectConfigurationPlatforms) = postSolution
		{864DC644-BEA4-456D-A133-3AEBEA16D774}.Debug|x64.ActiveCfg = Debug|x64
		{864DC644-BEA4-456D-A133-3AEBEA16D774}.Debug|x64.Build.0 = Debug|x64
		{864DC644-BEA4-456D-A133-3AEBEA16D774}.Debug|x86.ActiveCfg = Debug|Win32
		{864DC644-BEA4-456D-A133-3AEBEA16D774}.Debug|x86.Build.0 = Debug|Win32
		{864DC644-BEA4-456D-A133-3AEBEA16D774}.Release|x64.ActiveCfg = Release|x64
		{864DC644-BEA4-456D-A133-3AEBEA16D774}.Release|x64.Build.0 = Release|x64
		{864DC644-BEA4-456D-A133-3AEBEA16D774}.Release|x86.ActiveCfg = Release|Win32
		{864DC644-BEA4-456D-A133-3AEBEA16D774}.Release|x86.Build.0 = Release|Win32
	EndGlobalSection
	GlobalSection(SolutionProperties) = preSolution
		HideSolutionNode = FALSE
	EndGlobalSection
	GlobalSection(ExtensibilityGlobals) = postSolution
		SolutionGuid = {3CF1C0D2-4B78-45B2-B856-7C0C5DF2E781}
	EndGlobalSection
EndGlobal
